{
  "version": 4,
  "terraform_version": "0.15.3",
  "serial": 4,
  "lineage": "f13f7532-e2ab-04a7-f330-e0ee51aadc18",
  "outputs": {
    "authorized_network": {
      "value": [
        {
          "name": "demo-network",
          "value": "10.10.10.0/24"
        }
      ],
      "type": [
        "list",
        [
          "map",
          "string"
        ]
      ]
    },
    "project_id": {
      "value": "formlabs-377008",
      "type": "string"
    }
  },
  "resources": [
    {
      "module": "module.pg",
      "mode": "managed",
      "type": "google_sql_database",
      "name": "additional_databases",
      "provider": "provider[\"registry.terraform.io/hashicorp/google\"]",
      "instances": []
    },
    {
      "module": "module.pg",
      "mode": "managed",
      "type": "google_sql_database",
      "name": "default",
      "provider": "provider[\"registry.terraform.io/hashicorp/google\"]",
      "instances": []
    },
    {
      "module": "module.pg",
      "mode": "managed",
      "type": "google_sql_database_instance",
      "name": "replicas",
      "provider": "provider[\"registry.terraform.io/hashicorp/google-beta\"]",
      "instances": []
    },
    {
      "module": "module.pg",
      "mode": "managed",
      "type": "google_sql_user",
      "name": "additional_users",
      "provider": "provider[\"registry.terraform.io/hashicorp/google\"]",
      "instances": []
    },
    {
      "module": "module.pg",
      "mode": "managed",
      "type": "google_sql_user",
      "name": "default",
      "provider": "provider[\"registry.terraform.io/hashicorp/google\"]",
      "instances": []
    },
    {
      "module": "module.pg",
      "mode": "managed",
      "type": "null_resource",
      "name": "module_depends_on",
      "provider": "provider[\"registry.terraform.io/hashicorp/null\"]",
      "instances": [
        {
          "schema_version": 0,
          "attributes": {
            "id": "9061594744844832673",
            "triggers": {
              "value": "0"
            }
          },
          "sensitive_attributes": [],
          "private": "bnVsbA=="
        }
      ]
    },
    {
      "module": "module.pg",
      "mode": "managed",
      "type": "random_id",
      "name": "additional_passwords",
      "provider": "provider[\"registry.terraform.io/hashicorp/random\"]",
      "instances": []
    },
    {
      "module": "module.pg",
      "mode": "managed",
      "type": "random_id",
      "name": "suffix",
      "provider": "provider[\"registry.terraform.io/hashicorp/random\"]",
      "instances": [
        {
          "index_key": 0,
          "schema_version": 0,
          "attributes": {
            "b64_std": "gXpvyA==",
            "b64_url": "gXpvyA",
            "byte_length": 4,
            "dec": "2172284872",
            "hex": "817a6fc8",
            "id": "gXpvyA",
            "keepers": null,
            "prefix": null
          },
          "sensitive_attributes": [],
          "private": "bnVsbA=="
        }
      ]
    },
    {
      "module": "module.pg",
      "mode": "managed",
      "type": "random_id",
      "name": "user-password",
      "provider": "provider[\"registry.terraform.io/hashicorp/random\"]",
      "instances": []
    }
  ]
}
